
Microsoft Visual Studio Solution File, Format Version 12.00
# Visual Studio Version 16
VisualStudioVersion = 16.0.30011.22
MinimumVisualStudioVersion = 10.0.40219.1
Project("{9A19103F-16F7-4668-BE54-9A1E7A4F7556}") = "FlightsWebScrapper", "FlightsWebScrapper\FlightsWebScrapper.csproj", "{1BA3852D-5387-47FE-8E71-354E4AEE8012}"
EndProject
Project("{9A19103F-16F7-4668-BE54-9A1E7A4F7556}") = "DataLayerLibrary", "DataLayerLibrary\DataLayerLibrary.csproj", "{BAB40434-A9FF-44A7-8889-8B46405F3D21}"
EndProject
Project("{9A19103F-16F7-4668-BE54-9A1E7A4F7556}") = "TestProject", "TestProject\TestProject.csproj", "{B584B50B-E771-4AAA-9AF3-95D9238C8E7D}"
EndProject
Project("{9A19103F-16F7-4668-BE54-9A1E7A4F7556}") = "WebScrapperLibrary", "WebScrapper\WebScrapperLibrary.csproj", "{0EFFF59B-4801-459D-AAB5-2D97C7D1BE06}"
EndProject
Global
	GlobalSection(SolutionConfigurationPlatforms) = preSolution
		Debug|Any CPU = Debug|Any CPU
		Release|Any CPU = Release|Any CPU
	EndGlobalSection
	GlobalSection(ProjectConfigurationPlatforms) = postSolution
		{1BA3852D-5387-47FE-8E71-354E4AEE8012}.Debug|Any CPU.ActiveCfg = Debug|Any CPU
		{1BA3852D-5387-47FE-8E71-354E4AEE8012}.Debug|Any CPU.Build.0 = Debug|Any CPU
		{1BA3852D-5387-47FE-8E71-354E4AEE8012}.Release|Any CPU.ActiveCfg = Release|Any CPU
		{1BA3852D-5387-47FE-8E71-354E4AEE8012}.Release|Any CPU.Build.0 = Release|Any CPU
		{BAB40434-A9FF-44A7-8889-8B46405F3D21}.Debug|Any CPU.ActiveCfg = Debug|Any CPU
		{BAB40434-A9FF-44A7-8889-8B46405F3D21}.Debug|Any CPU.Build.0 = Debug|Any CPU
		{BAB40434-A9FF-44A7-8889-8B46405F3D21}.Release|Any CPU.ActiveCfg = Release|Any CPU
		{BAB40434-A9FF-44A7-8889-8B46405F3D21}.Release|Any CPU.Build.0 = Release|Any CPU
		{B584B50B-E771-4AAA-9AF3-95D9238C8E7D}.Debug|Any CPU.ActiveCfg = Debug|Any CPU
		{B584B50B-E771-4AAA-9AF3-95D9238C8E7D}.Debug|Any CPU.Build.0 = Debug|Any CPU
		{B584B50B-E771-4AAA-9AF3-95D9238C8E7D}.Release|Any CPU.ActiveCfg = Release|Any CPU
		{B584B50B-E771-4AAA-9AF3-95D9238C8E7D}.Release|Any CPU.Build.0 = Release|Any CPU
		{0EFFF59B-4801-459D-AAB5-2D97C7D1BE06}.Debug|Any CPU.ActiveCfg = Debug|Any CPU
		{0EFFF59B-4801-459D-AAB5-2D97C7D1BE06}.Debug|Any CPU.Build.0 = Debug|Any CPU
		{0EFFF59B-4801-459D-AAB5-2D97C7D1BE06}.Release|Any CPU.ActiveCfg = Release|Any CPU
		{0EFFF59B-4801-459D-AAB5-2D97C7D1BE06}.Release|Any CPU.Build.0 = Release|Any CPU
	EndGlobalSection
	GlobalSection(SolutionProperties) = preSolution
		HideSolutionNode = FALSE
	EndGlobalSection
	GlobalSection(ExtensibilityGlobals) = postSolution
		SolutionGuid = {DF699314-4036-4B64-96A3-037E4E6ECA59}
	EndGlobalSection
EndGlobal
